# This file is autogenerated, do not edit; changes may be undone by the next 'dep ensure'.


[[projects]]
  branch = "develop"
  name = "github.com/c3systems/c3-go"
  packages = [
    "common/hashing",
    "common/hexutil",
    "common/stringutil",
    "common/txparamcoder",
    "config",
    "core/server",
    "log/hooks"
  ]
  revision = "2b9430ff0bea242ea45277040487ac9977843231"

[[projects]]
  name = "github.com/sirupsen/logrus"
  packages = ["."]
  revision = "3e01752db0189b9157070a0e1668a620f9a85da2"
  version = "v1.0.6"

[[projects]]
  branch = "master"
  name = "golang.org/x/crypto"
  packages = ["ssh/terminal"]
  revision = "614d502a4dac94afa3a6ce146bd1736da82514c6"

[[projects]]
  branch = "master"
  name = "golang.org/x/sys"
  packages = [
    "unix",
    "windows"
  ]
  revision = "d99a578cf41bfccdeaf48b0845c823a4b8b0ad5e"

[solve-meta]
  analyzer-name = "dep"
  analyzer-version = 1
  inputs-digest = "c7fc4b5d49bde99d7b4d670518a3871a276cd1b2cd1538eeb296718111088462"
  solver-name = "gps-cdcl"
  solver-version = 1
